# THIS IS AN AUTOGENERATED FILE. DO NOT EDIT THIS FILE DIRECTLY.
# yarn lockfile v1


"@figma/plugin-typings@^1.26.0":
  version "1.26.0"
  resolved "https://registry.yarnpkg.com/@figma/plugin-typings/-/plugin-typings-1.26.0.tgz#2a0ef53919ac226f0a7fe7dbbde404a2c8b797b5"
  integrity sha512-afX0lhkV6EWQ4UGGIl+C/298KOZx/fRNCMx/DHEOYweM1gwonwizi0SuloT0C+A8mvbWeQ9eKqpJGD5ftIHeqw==
